
Microsoft Visual Studio Solution File, Format Version 12.00
# Visual Studio 15
VisualStudioVersion = 15.0.28307.572
MinimumVisualStudioVersion = 10.0.40219.1
Project("{FAE04EC0-301F-11D3-BF4B-00C04F79EFBC}") = "TestApp2", "TestApp2\TestApp2.csproj", "{CAF3D889-EECA-4EAA-9587-478AF8ED5A97}"
EndProject
Global
	GlobalSection(SolutionConfigurationPlatforms) = preSolution
		Debug|Any CPU = Debug|Any CPU
		Release|Any CPU = Release|Any CPU
	EndGlobalSection
	GlobalSection(ProjectConfigurationPlatforms) = postSolution
		{CAF3D889-EECA-4EAA-9587-478AF8ED5A97}.Debug|Any CPU.ActiveCfg = Debug|Any CPU
		{CAF3D889-EECA-4EAA-9587-478AF8ED5A97}.Debug|Any CPU.Build.0 = Debug|Any CPU
		{CAF3D889-EECA-4EAA-9587-478AF8ED5A97}.Release|Any CPU.ActiveCfg = Release|Any CPU
		{CAF3D889-EECA-4EAA-9587-478AF8ED5A97}.Release|Any CPU.Build.0 = Release|Any CPU
	EndGlobalSection
	GlobalSection(SolutionProperties) = preSolution
		HideSolutionNode = FALSE
	EndGlobalSection
	GlobalSection(ExtensibilityGlobals) = postSolution
		SolutionGuid = {65382014-4363-4489-81E1-0CD0761806AF}
	EndGlobalSection
EndGlobal
